// !$*UTF8*$!
{
	archiveVersion = 1;
	classes = {
	};
	objectVersion = 46;
	objects = {

/* Begin PBXAggregateTarget section */
		D1F182064380CB8D615E0BCE /* Qt Preprocess */ = {
			isa = PBXAggregateTarget;
			buildConfigurationList = 6CC3B5D2136C7CD6A5CF5A59 /* Build configuration list for PBXNativeTarget "tpapp_server_manage" */;
			buildPhases = (
				5E618435888B9D49F8540165 /* Qt Qmake */,
				7EF0942E79C014DCEC8976BC /* Qt Preprocessors */,
			);
			dependencies = (
			);
			name = "Qt Preprocess";
			productName = "Qt Preprocess";
		};
/* End PBXAggregateTarget section */

/* Begin PBXBuildFile section */
		01D66869EA24517ABA8C5736 /* QtGui.framework in Link Binary With Libraries */ = {isa = PBXBuildFile; fileRef = 318D23A49F29394E509329A7 /* QtGui.framework */; };
		15FCDE876B8124DA7DA6C236 /* mainwindow.cpp in Compile Sources */ = {isa = PBXBuildFile; fileRef = 838679E9B4889375D21EB4E1 /* mainwindow.cpp */; settings = {ATTRIBUTES = (); }; };
		40D47DA6A7AFEBD80036D8DD /* moc_mainwindow.cpp in Compile Sources */ = {isa = PBXBuildFile; fileRef = 1D3E4E98CFB8EF548DFC679D /* moc_mainwindow.cpp */; settings = {ATTRIBUTES = (); }; };
		753EEE01207CA8F400981122 /* Interface_to_c.py in Copy Bundle Resources */ = {isa = PBXBuildFile; fileRef = 753EEE00207CA8F400981122 /* Interface_to_c.py */; };
		75EB649C207BC2810095CE0D /* MainFunctions.py in Copy Bundle Resources */ = {isa = PBXBuildFile; fileRef = 75EB635F207BC2800095CE0D /* MainFunctions.py */; };
		75EB649E207BC2810095CE0D /* Database.py in Copy Bundle Resources */ = {isa = PBXBuildFile; fileRef = 75EB6361207BC2800095CE0D /* Database.py */; };
		75EB65AF207BC2810095CE0D /* main.py in Copy Bundle Resources */ = {isa = PBXBuildFile; fileRef = 75EB649A207BC2810095CE0D /* main.py */; };
		75EB65B3207BC3450095CE0D /* MainFunctions.cpp in Compile Sources */ = {isa = PBXBuildFile; fileRef = 75EB65B1207BC3450095CE0D /* MainFunctions.cpp */; };
		844F20003BC94C6BB8E52735 /* QtCore.framework in Link Binary With Libraries */ = {isa = PBXBuildFile; fileRef = ADD2B39F8E7A3F4B45DCE51D /* QtCore.framework */; };
		8771A8C96E9C391044035D99 /* OpenGL.framework in Link Binary With Libraries */ = {isa = PBXBuildFile; fileRef = D4B32C2222F82AC56BADEB21 /* OpenGL.framework */; };
		8D267F2E4776F0ECA2F49DC8 /* IOKit.framework in Link Binary With Libraries */ = {isa = PBXBuildFile; fileRef = A1A67BEAA744704B29168D39 /* IOKit.framework */; };
		A99B2AA0F9CBBDD12BA126A4 /* DiskArbitration.framework in Link Binary With Libraries */ = {isa = PBXBuildFile; fileRef = 2B774D8E4178765CE52EAAF5 /* DiskArbitration.framework */; };
		BDFD9BFAE33A3F5C771DB1CC /* QtWidgets.framework in Link Binary With Libraries */ = {isa = PBXBuildFile; fileRef = CF503970E6F0B294D1A672E8 /* QtWidgets.framework */; };
		BEF6DCC0AD159C8FBE67FF7C /* main.cpp in Compile Sources */ = {isa = PBXBuildFile; fileRef = 9A98DEE86682A56FBEF06382 /* main.cpp */; settings = {ATTRIBUTES = (); }; };
		E45E51A644D5FC9F942ECE55 /* AGL.framework in Link Binary With Libraries */ = {isa = PBXBuildFile; fileRef = 8D9815BDB5BD9F90D2BC05C5 /* AGL.framework */; };
/* End PBXBuildFile section */

/* Begin PBXContainerItemProxy section */
		75EB635C207B7CA50095CE0D /* PBXContainerItemProxy */ = {
			isa = PBXContainerItemProxy;
			containerPortal = 6DB9C3763D02B1415CD9D565 /* Project object */;
			proxyType = 1;
			remoteGlobalIDString = D1F182064380CB8D615E0BCE;
			remoteInfo = "Qt Preprocess";
		};
/* End PBXContainerItemProxy section */

/* Begin PBXFileReference section */
		0EDBE7BC9AA37CDF1F965E81 /* tpapp_server_manage.app */ = {isa = PBXFileReference; explicitFileType = wrapper.application; includeInIndex = 0; path = tpapp_server_manage.app; sourceTree = BUILT_PRODUCTS_DIR; };
		1D3E4E98CFB8EF548DFC679D /* moc_mainwindow.cpp */ = {isa = PBXFileReference; lastKnownFileType = sourcecode.cpp.cpp; name = moc_mainwindow.cpp; path = /Users/hubohao/Desktop/tpapp_server_manage/moc_mainwindow.cpp; sourceTree = "<absolute>"; };
		225408536E45DF373C31DF4A /* ui_mainwindow.h */ = {isa = PBXFileReference; lastKnownFileType = sourcecode.c.h; name = ui_mainwindow.h; path = /Users/hubohao/Desktop/tpapp_server_manage/ui_mainwindow.h; sourceTree = "<absolute>"; };
		2B774D8E4178765CE52EAAF5 /* DiskArbitration.framework */ = {isa = PBXFileReference; lastKnownFileType = wrapper.framework; name = DiskArbitration.framework; path = /System/Library/Frameworks/DiskArbitration.framework; sourceTree = "<absolute>"; };
		318D23A49F29394E509329A7 /* QtGui.framework */ = {isa = PBXFileReference; lastKnownFileType = wrapper.framework; name = QtGui.framework; path = /Users/hubohao/Qt5.7.0/5.7/clang_64/lib/QtGui.framework; sourceTree = "<absolute>"; };
		753EEE00207CA8F400981122 /* Interface_to_c.py */ = {isa = PBXFileReference; lastKnownFileType = text.script.python; path = Interface_to_c.py; sourceTree = "<group>"; };
		75EB635F207BC2800095CE0D /* MainFunctions.py */ = {isa = PBXFileReference; fileEncoding = 4; lastKnownFileType = text.script.python; path = MainFunctions.py; sourceTree = "<group>"; };
		75EB6361207BC2800095CE0D /* Database.py */ = {isa = PBXFileReference; fileEncoding = 4; lastKnownFileType = text.script.python; path = Database.py; sourceTree = "<group>"; };
		75EB649A207BC2810095CE0D /* main.py */ = {isa = PBXFileReference; fileEncoding = 4; lastKnownFileType = text.script.python; path = main.py; sourceTree = "<group>"; };
		75EB65B1207BC3450095CE0D /* MainFunctions.cpp */ = {isa = PBXFileReference; lastKnownFileType = sourcecode.cpp.cpp; path = MainFunctions.cpp; sourceTree = "<group>"; };
		75EB65B2207BC3450095CE0D /* MainFunctions.hpp */ = {isa = PBXFileReference; lastKnownFileType = sourcecode.cpp.h; path = MainFunctions.hpp; sourceTree = "<group>"; };
		76D104859A4B715BC94CCFAF /* tpapp_server_manage.pro */ = {isa = PBXFileReference; lastKnownFileType = text; name = tpapp_server_manage.pro; path = /Users/hubohao/Desktop/tpapp_server_manage/tpapp_server_manage.pro; sourceTree = "<absolute>"; };
		838679E9B4889375D21EB4E1 /* mainwindow.cpp */ = {isa = PBXFileReference; lastKnownFileType = sourcecode.cpp.cpp; name = mainwindow.cpp; path = /Users/hubohao/Desktop/tpapp_server_manage/mainwindow.cpp; sourceTree = "<absolute>"; };
		8D9815BDB5BD9F90D2BC05C5 /* AGL.framework */ = {isa = PBXFileReference; lastKnownFileType = wrapper.framework; name = AGL.framework; path = /System/Library/Frameworks/AGL.framework; sourceTree = "<absolute>"; };
		981B3529BBC3F60E7F2820E3 /* mainwindow.ui */ = {isa = PBXFileReference; lastKnownFileType = text; name = mainwindow.ui; path = /Users/hubohao/Desktop/tpapp_server_manage/mainwindow.ui; sourceTree = "<absolute>"; };
		9A98DEE86682A56FBEF06382 /* main.cpp */ = {isa = PBXFileReference; lastKnownFileType = sourcecode.cpp.cpp; name = main.cpp; path = /Users/hubohao/Desktop/tpapp_server_manage/main.cpp; sourceTree = "<absolute>"; };
		A1A67BEAA744704B29168D39 /* IOKit.framework */ = {isa = PBXFileReference; lastKnownFileType = wrapper.framework; name = IOKit.framework; path = /System/Library/Frameworks/IOKit.framework; sourceTree = "<absolute>"; };
		ADD2B39F8E7A3F4B45DCE51D /* QtCore.framework */ = {isa = PBXFileReference; lastKnownFileType = wrapper.framework; name = QtCore.framework; path = /Users/hubohao/Qt5.7.0/5.7/clang_64/lib/QtCore.framework; sourceTree = "<absolute>"; };
		CF503970E6F0B294D1A672E8 /* QtWidgets.framework */ = {isa = PBXFileReference; lastKnownFileType = wrapper.framework; name = QtWidgets.framework; path = /Users/hubohao/Qt5.7.0/5.7/clang_64/lib/QtWidgets.framework; sourceTree = "<absolute>"; };
		D4B32C2222F82AC56BADEB21 /* OpenGL.framework */ = {isa = PBXFileReference; lastKnownFileType = wrapper.framework; name = OpenGL.framework; path = /System/Library/Frameworks/OpenGL.framework; sourceTree = "<absolute>"; };
		E2A31CDBFA6DF5CECDE64708 /* mainwindow.h */ = {isa = PBXFileReference; lastKnownFileType = sourcecode.c.h; name = mainwindow.h; path = /Users/hubohao/Desktop/tpapp_server_manage/mainwindow.h; sourceTree = "<absolute>"; };
/* End PBXFileReference section */

/* Begin PBXFrameworksBuildPhase section */
		D1C883685E82D5676953459A /* Link Binary With Libraries */ = {
			isa = PBXFrameworksBuildPhase;
			buildActionMask = 2147483647;
			files = (
				BDFD9BFAE33A3F5C771DB1CC /* QtWidgets.framework in Link Binary With Libraries */,
				01D66869EA24517ABA8C5736 /* QtGui.framework in Link Binary With Libraries */,
				844F20003BC94C6BB8E52735 /* QtCore.framework in Link Binary With Libraries */,
				A99B2AA0F9CBBDD12BA126A4 /* DiskArbitration.framework in Link Binary With Libraries */,
				8D267F2E4776F0ECA2F49DC8 /* IOKit.framework in Link Binary With Libraries */,
				8771A8C96E9C391044035D99 /* OpenGL.framework in Link Binary With Libraries */,
				E45E51A644D5FC9F942ECE55 /* AGL.framework in Link Binary With Libraries */,
			);
			name = "Link Binary With Libraries";
			runOnlyForDeploymentPostprocessing = 0;
		};
/* End PBXFrameworksBuildPhase section */

/* Begin PBXGroup section */
		12E908B8A1C3C07C115504F5 /* Sources [uic] */ = {
			isa = PBXGroup;
			children = (
				981B3529BBC3F60E7F2820E3 /* mainwindow.ui */,
			);
			name = "Sources [uic]";
			sourceTree = "<group>";
		};
		25B08E2869634E9BCBA333A2 /* Generated Sources */ = {
			isa = PBXGroup;
			children = (
				1D3E4E98CFB8EF548DFC679D /* moc_mainwindow.cpp */,
				225408536E45DF373C31DF4A /* ui_mainwindow.h */,
			);
			name = "Generated Sources";
			sourceTree = "<group>";
		};
		2EB56BE3C2D93CDAB0C52E67 /* Sources */ = {
			isa = PBXGroup;
			children = (
				9A98DEE86682A56FBEF06382 /* main.cpp */,
				838679E9B4889375D21EB4E1 /* mainwindow.cpp */,
				E2A31CDBFA6DF5CECDE64708 /* mainwindow.h */,
			);
			name = Sources;
			sourceTree = "<group>";
		};
		74B182DB50CB5611B5C1C297 /* Supporting Files */ = {
			isa = PBXGroup;
			children = (
				76D104859A4B715BC94CCFAF /* tpapp_server_manage.pro */,
			);
			name = "Supporting Files";
			sourceTree = "<group>";
		};
		75EB635D207BC2800095CE0D /* data_analyze_section */ = {
			isa = PBXGroup;
			children = (
				75EB635F207BC2800095CE0D /* MainFunctions.py */,
				75EB6361207BC2800095CE0D /* Database.py */,
				75EB649A207BC2810095CE0D /* main.py */,
				753EEE00207CA8F400981122 /* Interface_to_c.py */,
			);
			path = data_analyze_section;
			sourceTree = "<group>";
		};
		75EB65B0207BC31C0095CE0D /* Py function interface */ = {
			isa = PBXGroup;
			children = (
				75EB65B1207BC3450095CE0D /* MainFunctions.cpp */,
				75EB65B2207BC3450095CE0D /* MainFunctions.hpp */,
			);
			path = "Py function interface";
			sourceTree = "<group>";
		};
		AF39DD055C3EF8226FBE929D /* Frameworks */ = {
			isa = PBXGroup;
			children = (
				CF503970E6F0B294D1A672E8 /* QtWidgets.framework */,
				318D23A49F29394E509329A7 /* QtGui.framework */,
				ADD2B39F8E7A3F4B45DCE51D /* QtCore.framework */,
				2B774D8E4178765CE52EAAF5 /* DiskArbitration.framework */,
				A1A67BEAA744704B29168D39 /* IOKit.framework */,
				D4B32C2222F82AC56BADEB21 /* OpenGL.framework */,
				8D9815BDB5BD9F90D2BC05C5 /* AGL.framework */,
			);
			name = Frameworks;
			sourceTree = "<group>";
		};
		E8C543AB96796ECAA2E65C57 /* tpapp_server_manage */ = {
			isa = PBXGroup;
			children = (
				75EB65B0207BC31C0095CE0D /* Py function interface */,
				2EB56BE3C2D93CDAB0C52E67 /* Sources */,
				25B08E2869634E9BCBA333A2 /* Generated Sources */,
				74B182DB50CB5611B5C1C297 /* Supporting Files */,
				12E908B8A1C3C07C115504F5 /* Sources [uic] */,
				AF39DD055C3EF8226FBE929D /* Frameworks */,
				FE0A091FDBFB3E9C31B7A1BD /* Products */,
				75EB635D207BC2800095CE0D /* data_analyze_section */,
			);
			name = tpapp_server_manage;
			sourceTree = "<group>";
		};
		FE0A091FDBFB3E9C31B7A1BD /* Products */ = {
			isa = PBXGroup;
			children = (
				0EDBE7BC9AA37CDF1F965E81 /* tpapp_server_manage.app */,
			);
			name = Products;
			sourceTree = "<group>";
		};
/* End PBXGroup section */

/* Begin PBXNativeTarget section */
		7A917787C960AE6AFAC883DA /* tpapp_server_manage */ = {
			isa = PBXNativeTarget;
			buildConfigurationList = 6CC3B5D2136C7CD6A5CF5A59 /* Build configuration list for PBXNativeTarget "tpapp_server_manage" */;
			buildPhases = (
				F7E50F631C51CD5B5DC0BC43 /* Compile Sources */,
				D1C883685E82D5676953459A /* Link Binary With Libraries */,
				30414803F31797EB689AE508 /* Copy Bundle Resources */,
			);
			buildRules = (
			);
			dependencies = (
				45FCCAD98FC0DEC906AB3055 /* PBXTargetDependency */,
			);
			name = tpapp_server_manage;
			productName = tpapp_server_manage;
			productReference = 0EDBE7BC9AA37CDF1F965E81 /* tpapp_server_manage.app */;
			productType = "com.apple.product-type.application";
		};
/* End PBXNativeTarget section */

/* Begin PBXProject section */
		6DB9C3763D02B1415CD9D565 /* Project object */ = {
			isa = PBXProject;
			attributes = {
				LastUpgradeCheck = 0930;
			};
			buildConfigurationList = DAC4C1AA5EDEA1C85E9CA5E6 /* Build configuration list for PBXProject "tpapp_server_manage" */;
			compatibilityVersion = "Xcode 3.2";
			developmentRegion = en;
			hasScannedForEncodings = 1;
			knownRegions = (
				en,
			);
			mainGroup = E8C543AB96796ECAA2E65C57 /* tpapp_server_manage */;
			productRefGroup = FE0A091FDBFB3E9C31B7A1BD /* Products */;
			projectDirPath = "";
			projectRoot = "";
			targets = (
				7A917787C960AE6AFAC883DA /* tpapp_server_manage */,
				D1F182064380CB8D615E0BCE /* Qt Preprocess */,
			);
		};
/* End PBXProject section */

/* Begin PBXResourcesBuildPhase section */
		30414803F31797EB689AE508 /* Copy Bundle Resources */ = {
			isa = PBXResourcesBuildPhase;
			buildActionMask = 2147483647;
			files = (
				75EB65AF207BC2810095CE0D /* main.py in Copy Bundle Resources */,
				753EEE01207CA8F400981122 /* Interface_to_c.py in Copy Bundle Resources */,
				75EB649C207BC2810095CE0D /* MainFunctions.py in Copy Bundle Resources */,
				75EB649E207BC2810095CE0D /* Database.py in Copy Bundle Resources */,
			);
			name = "Copy Bundle Resources";
			runOnlyForDeploymentPostprocessing = 0;
		};
/* End PBXResourcesBuildPhase section */

/* Begin PBXShellScriptBuildPhase section */
		5E618435888B9D49F8540165 /* Qt Qmake */ = {
			isa = PBXShellScriptBuildPhase;
			buildActionMask = 2147483647;
			files = (
			);
			name = "Qt Qmake";
			runOnlyForDeploymentPostprocessing = 0;
			shellPath = /bin/sh;
			shellScript = "make -C /Users/hubohao/Desktop/tpapp_server_manage/ -f tpapp_server_manage.xcodeproj/qt_makeqmake.mak";
			showEnvVarsInLog = 0;
		};
		7EF0942E79C014DCEC8976BC /* Qt Preprocessors */ = {
			isa = PBXShellScriptBuildPhase;
			buildActionMask = 2147483647;
			files = (
			);
			name = "Qt Preprocessors";
			runOnlyForDeploymentPostprocessing = 0;
			shellPath = /bin/sh;
			shellScript = "make -C /Users/hubohao/Desktop/tpapp_server_manage/ -f tpapp_server_manage.xcodeproj/qt_preprocess.mak";
			showEnvVarsInLog = 0;
		};
/* End PBXShellScriptBuildPhase section */

/* Begin PBXSourcesBuildPhase section */
		F7E50F631C51CD5B5DC0BC43 /* Compile Sources */ = {
			isa = PBXSourcesBuildPhase;
			buildActionMask = 2147483647;
			files = (
				75EB65B3207BC3450095CE0D /* MainFunctions.cpp in Compile Sources */,
				BEF6DCC0AD159C8FBE67FF7C /* main.cpp in Compile Sources */,
				15FCDE876B8124DA7DA6C236 /* mainwindow.cpp in Compile Sources */,
				40D47DA6A7AFEBD80036D8DD /* moc_mainwindow.cpp in Compile Sources */,
			);
			name = "Compile Sources";
			runOnlyForDeploymentPostprocessing = 0;
		};
/* End PBXSourcesBuildPhase section */

/* Begin PBXTargetDependency section */
		45FCCAD98FC0DEC906AB3055 /* PBXTargetDependency */ = {
			isa = PBXTargetDependency;
			target = D1F182064380CB8D615E0BCE /* Qt Preprocess */;
			targetProxy = 75EB635C207B7CA50095CE0D /* PBXContainerItemProxy */;
		};
/* End PBXTargetDependency section */

/* Begin XCBuildConfiguration section */
		339EE1B2CC4FC24589A0EA95 /* Release */ = {
			isa = XCBuildConfiguration;
			buildSettings = {
				CC = /Applications/Xcode.app/Contents/Developer/Toolchains/XcodeDefault.xctoolchain/usr/bin/clang;
				CLANG_WARN_BLOCK_CAPTURE_AUTORELEASING = YES;
				CLANG_WARN_BOOL_CONVERSION = YES;
				CLANG_WARN_COMMA = YES;
				CLANG_WARN_CONSTANT_CONVERSION = YES;
				CLANG_WARN_DEPRECATED_OBJC_IMPLEMENTATIONS = YES;
				CLANG_WARN_EMPTY_BODY = YES;
				CLANG_WARN_ENUM_CONVERSION = YES;
				CLANG_WARN_INFINITE_RECURSION = YES;
				CLANG_WARN_INT_CONVERSION = YES;
				CLANG_WARN_NON_LITERAL_NULL_CONVERSION = YES;
				CLANG_WARN_OBJC_IMPLICIT_RETAIN_SELF = YES;
				CLANG_WARN_OBJC_LITERAL_CONVERSION = YES;
				CLANG_WARN_RANGE_LOOP_ANALYSIS = YES;
				CLANG_WARN_STRICT_PROTOTYPES = YES;
				CLANG_WARN_SUSPICIOUS_MOVE = YES;
				CLANG_WARN_UNREACHABLE_CODE = YES;
				CLANG_WARN__DUPLICATE_METHOD_MATCH = YES;
				COPY_PHASE_STRIP = YES;
				DYLIB_COMPATIBILITY_VERSION = 1.0;
				DYLIB_CURRENT_VERSION = 1.0.0;
				ENABLE_BITCODE = NO;
				ENABLE_STRICT_OBJC_MSGSEND = YES;
				FRAMEWORK_SEARCH_PATHS = (
					/Users/hubohao/Qt5.7.0/5.7/clang_64/lib,
					/Users/hubohao/Qt5.7.0/5.7/clang_64/lib,
				);
				GCC_GENERATE_DEBUGGING_SYMBOLS = NO;
				GCC_NO_COMMON_BLOCKS = YES;
				GCC_VERSION = com.apple.compilers.llvm.clang.1_0;
				GCC_WARN_64_TO_32_BIT_CONVERSION = YES;
				GCC_WARN_ABOUT_RETURN_TYPE = YES;
				GCC_WARN_UNDECLARED_SELECTOR = YES;
				GCC_WARN_UNINITIALIZED_AUTOS = YES;
				GCC_WARN_UNUSED_FUNCTION = YES;
				GCC_WARN_UNUSED_VARIABLE = YES;
				HEADER_SEARCH_PATHS = (
					.,
					../../Qt5.7.0/5.7/clang_64/lib/QtWidgets.framework/Headers,
					../../Qt5.7.0/5.7/clang_64/lib/QtGui.framework/Headers,
					../../Qt5.7.0/5.7/clang_64/lib/QtCore.framework/Headers,
					.,
					/Applications/Xcode.app/Contents/Developer/Platforms/MacOSX.platform/Developer/SDKs/MacOSX10.13.sdk/System/Library/Frameworks/OpenGL.framework/Headers,
					/Applications/Xcode.app/Contents/Developer/Platforms/MacOSX.platform/Developer/SDKs/MacOSX10.13.sdk/System/Library/Frameworks/AGL.framework/Headers,
					.,
					"../../Qt5.7.0/5.7/clang_64/mkspecs/macx-clang",
				);
				INFOPLIST_FILE = Info.plist;
				LDPLUSPLUS = "/Applications/Xcode.app/Contents/Developer/Toolchains/XcodeDefault.xctoolchain/usr/bin/clang++";
				LIBRARY_SEARCH_PATHS = (
					/Users/hubohao/Qt5.7.0/5.7/clang_64/lib,
					/System/Library/Frameworks/,
				);
				MACOSX_DEPLOYMENT_TARGET = 10.8;
				OTHER_CFLAGS = (
					"-pipe",
					"-O2",
					"-Wall",
					"-W",
					"-fPIC",
					"-DQT_NO_DEBUG",
					"-DQT_WIDGETS_LIB",
					"-DQT_GUI_LIB",
					"-DQT_CORE_LIB",
				);
				OTHER_CPLUSPLUSFLAGS = (
					"-pipe",
					"-stdlib=libc++",
					"-O2",
					"-std=gnu++11",
					"-Wall",
					"-W",
					"-fPIC",
					"-DQT_NO_DEBUG",
					"-DQT_WIDGETS_LIB",
					"-DQT_GUI_LIB",
					"-DQT_CORE_LIB",
				);
				OTHER_LDFLAGS = (
					"-headerpad_max_install_names",
					"-stdlib=libc++",
					"-Wl,-rpath,/Users/hubohao/Qt5.7.0/5.7/clang_64/lib",
					"-F/Users/hubohao/Qt5.7.0/5.7/clang_64/lib",
					"-I/usr/include/python2.7/",
					"-lpython2.7",
				);
				PRODUCT_NAME = tpapp_server_manage;
				QT_LIBRARY_SUFFIX = "";
				SDKROOT = macosx;
				SYMROOT = /Users/hubohao/Desktop/tpapp_server_manage/;
			};
			name = Release;
		};
		3AA6C32AC930069E80220CF1 /* Debug */ = {
			isa = XCBuildConfiguration;
			buildSettings = {
				CC = /Applications/Xcode.app/Contents/Developer/Toolchains/XcodeDefault.xctoolchain/usr/bin/clang;
				CLANG_WARN_BLOCK_CAPTURE_AUTORELEASING = YES;
				CLANG_WARN_BOOL_CONVERSION = YES;
				CLANG_WARN_COMMA = YES;
				CLANG_WARN_CONSTANT_CONVERSION = YES;
				CLANG_WARN_DEPRECATED_OBJC_IMPLEMENTATIONS = YES;
				CLANG_WARN_EMPTY_BODY = YES;
				CLANG_WARN_ENUM_CONVERSION = YES;
				CLANG_WARN_INFINITE_RECURSION = YES;
				CLANG_WARN_INT_CONVERSION = YES;
				CLANG_WARN_NON_LITERAL_NULL_CONVERSION = YES;
				CLANG_WARN_OBJC_IMPLICIT_RETAIN_SELF = YES;
				CLANG_WARN_OBJC_LITERAL_CONVERSION = YES;
				CLANG_WARN_RANGE_LOOP_ANALYSIS = YES;
				CLANG_WARN_STRICT_PROTOTYPES = YES;
				CLANG_WARN_SUSPICIOUS_MOVE = YES;
				CLANG_WARN_UNREACHABLE_CODE = YES;
				CLANG_WARN__DUPLICATE_METHOD_MATCH = YES;
				COPY_PHASE_STRIP = NO;
				DYLIB_COMPATIBILITY_VERSION = 1.0;
				DYLIB_CURRENT_VERSION = 1.0.0;
				ENABLE_BITCODE = NO;
				ENABLE_STRICT_OBJC_MSGSEND = YES;
				ENABLE_TESTABILITY = YES;
				FRAMEWORK_SEARCH_PATHS = (
					/Users/hubohao/Qt5.7.0/5.7/clang_64/lib,
					/Users/hubohao/Qt5.7.0/5.7/clang_64/lib,
				);
				GCC_GENERATE_DEBUGGING_SYMBOLS = YES;
				GCC_NO_COMMON_BLOCKS = YES;
				GCC_OPTIMIZATION_LEVEL = 0;
				GCC_VERSION = com.apple.compilers.llvm.clang.1_0;
				GCC_WARN_64_TO_32_BIT_CONVERSION = YES;
				GCC_WARN_ABOUT_RETURN_TYPE = YES;
				GCC_WARN_UNDECLARED_SELECTOR = YES;
				GCC_WARN_UNINITIALIZED_AUTOS = YES;
				GCC_WARN_UNUSED_FUNCTION = YES;
				GCC_WARN_UNUSED_VARIABLE = YES;
				HEADER_SEARCH_PATHS = (
					.,
					../../Qt5.7.0/5.7/clang_64/lib/QtWidgets.framework/Headers,
					../../Qt5.7.0/5.7/clang_64/lib/QtGui.framework/Headers,
					../../Qt5.7.0/5.7/clang_64/lib/QtCore.framework/Headers,
					.,
					/Applications/Xcode.app/Contents/Developer/Platforms/MacOSX.platform/Developer/SDKs/MacOSX10.13.sdk/System/Library/Frameworks/OpenGL.framework/Headers,
					/Applications/Xcode.app/Contents/Developer/Platforms/MacOSX.platform/Developer/SDKs/MacOSX10.13.sdk/System/Library/Frameworks/AGL.framework/Headers,
					.,
					"../../Qt5.7.0/5.7/clang_64/mkspecs/macx-clang",
				);
				INFOPLIST_FILE = Info.plist;
				LDPLUSPLUS = "/Applications/Xcode.app/Contents/Developer/Toolchains/XcodeDefault.xctoolchain/usr/bin/clang++";
				LIBRARY_SEARCH_PATHS = (
					/Users/hubohao/Qt5.7.0/5.7/clang_64/lib,
					/System/Library/Frameworks/,
				);
				MACOSX_DEPLOYMENT_TARGET = 10.8;
				ONLY_ACTIVE_ARCH = YES;
				OTHER_CFLAGS = (
					"-pipe",
					"-O2",
					"-Wall",
					"-W",
					"-fPIC",
					"-DQT_NO_DEBUG",
					"-DQT_WIDGETS_LIB",
					"-DQT_GUI_LIB",
					"-DQT_CORE_LIB",
				);
				OTHER_CPLUSPLUSFLAGS = (
					"-pipe",
					"-stdlib=libc++",
					"-O2",
					"-std=gnu++11",
					"-Wall",
					"-W",
					"-fPIC",
					"-DQT_NO_DEBUG",
					"-DQT_WIDGETS_LIB",
					"-DQT_GUI_LIB",
					"-DQT_CORE_LIB",
				);
				OTHER_LDFLAGS = (
					"-headerpad_max_install_names",
					"-stdlib=libc++",
					"-Wl,-rpath,/Users/hubohao/Qt5.7.0/5.7/clang_64/lib",
					"-F/Users/hubohao/Qt5.7.0/5.7/clang_64/lib",
					"-I/usr/include/python2.7/",
					"-lpython2.7",
				);
				PRODUCT_NAME = tpapp_server_manage;
				QT_LIBRARY_SUFFIX = _debug;
				SDKROOT = macosx;
				SYMROOT = /Users/hubohao/Desktop/tpapp_server_manage/;
			};
			name = Debug;
		};
		6666AA5E688052234F6758D8 /* Release */ = {
			isa = XCBuildConfiguration;
			buildSettings = {
				CLANG_ENABLE_OBJC_WEAK = YES;
				COPY_PHASE_STRIP = YES;
				ENABLE_BITCODE = NO;
				GCC_GENERATE_DEBUGGING_SYMBOLS = NO;
				PRODUCT_BUNDLE_IDENTIFIER = "com.fl.${PRODUCT_NAME:rfc1034identifier}";
				PRODUCT_NAME = tpapp_server_manage;
				QT_LIBRARY_SUFFIX = "";
				SDKROOT = macosx;
			};
			name = Release;
		};
		77418F46922677BB04ED38DD /* Debug */ = {
			isa = XCBuildConfiguration;
			buildSettings = {
				CLANG_ENABLE_OBJC_WEAK = YES;
				COPY_PHASE_STRIP = NO;
				ENABLE_BITCODE = NO;
				GCC_GENERATE_DEBUGGING_SYMBOLS = YES;
				GCC_OPTIMIZATION_LEVEL = 0;
				PRODUCT_BUNDLE_IDENTIFIER = "com.fl.${PRODUCT_NAME:rfc1034identifier}";
				PRODUCT_NAME = tpapp_server_manage;
				QT_LIBRARY_SUFFIX = _debug;
				SDKROOT = macosx;
			};
			name = Debug;
		};
/* End XCBuildConfiguration section */

/* Begin XCConfigurationList section */
		6CC3B5D2136C7CD6A5CF5A59 /* Build configuration list for PBXNativeTarget "tpapp_server_manage" */ = {
			isa = XCConfigurationList;
			buildConfigurations = (
				77418F46922677BB04ED38DD /* Debug */,
				6666AA5E688052234F6758D8 /* Release */,
			);
			defaultConfigurationIsVisible = 0;
			defaultConfigurationName = Release;
		};
		DAC4C1AA5EDEA1C85E9CA5E6 /* Build configuration list for PBXProject "tpapp_server_manage" */ = {
			isa = XCConfigurationList;
			buildConfigurations = (
				3AA6C32AC930069E80220CF1 /* Debug */,
				339EE1B2CC4FC24589A0EA95 /* Release */,
			);
			defaultConfigurationIsVisible = 0;
			defaultConfigurationName = Release;
		};
/* End XCConfigurationList section */
	};
	rootObject = 6DB9C3763D02B1415CD9D565 /* Project object */;
}
